
Microsoft Visual Studio Solution File, Format Version 12.00
# Visual Studio Version 17
VisualStudioVersion = 17.9.34701.34
MinimumVisualStudioVersion = 10.0.40219.1
Project("{FAE04EC0-301F-11D3-BF4B-00C04F79EFBC}") = "SoftProgWA", "SazonWareWA\SoftProgWA.csproj", "{A3E8A6C9-7006-48E4-8A19-A37944D0C1A5}"
EndProject
Project("{FAE04EC0-301F-11D3-BF4B-00C04F79EFBC}") = "SoftProgBO", "SazonWareBO\SoftProgBO.csproj", "{0462A1DD-3542-48EB-B0A6-1344B149105C}"
EndProject
Global
	GlobalSection(SolutionConfigurationPlatforms) = preSolution
		Debug|Any CPU = Debug|Any CPU
		Release|Any CPU = Release|Any CPU
	EndGlobalSection
	GlobalSection(ProjectConfigurationPlatforms) = postSolution
		{A3E8A6C9-7006-48E4-8A19-A37944D0C1A5}.Debug|Any CPU.ActiveCfg = Debug|Any CPU
		{A3E8A6C9-7006-48E4-8A19-A37944D0C1A5}.Debug|Any CPU.Build.0 = Debug|Any CPU
		{A3E8A6C9-7006-48E4-8A19-A37944D0C1A5}.Release|Any CPU.ActiveCfg = Release|Any CPU
		{A3E8A6C9-7006-48E4-8A19-A37944D0C1A5}.Release|Any CPU.Build.0 = Release|Any CPU
		{0462A1DD-3542-48EB-B0A6-1344B149105C}.Debug|Any CPU.ActiveCfg = Debug|Any CPU
		{0462A1DD-3542-48EB-B0A6-1344B149105C}.Debug|Any CPU.Build.0 = Debug|Any CPU
		{0462A1DD-3542-48EB-B0A6-1344B149105C}.Release|Any CPU.ActiveCfg = Release|Any CPU
		{0462A1DD-3542-48EB-B0A6-1344B149105C}.Release|Any CPU.Build.0 = Release|Any CPU
	EndGlobalSection
	GlobalSection(SolutionProperties) = preSolution
		HideSolutionNode = FALSE
	EndGlobalSection
	GlobalSection(ExtensibilityGlobals) = postSolution
		SolutionGuid = {16C65D9E-1F39-44BB-B424-17C28A7A121C}
	EndGlobalSection
EndGlobal
